
Microsoft Visual Studio Solution File, Format Version 12.00
# Visual Studio Version 17
VisualStudioVersion = 17.14.36518.9
MinimumVisualStudioVersion = 10.0.40219.1
Project("{FAE04EC0-301F-11D3-BF4B-00C04F79EFBC}") = "CpParcial2Jcf", "CpParcial2Jcf\CpParcial2Jcf.csproj", "{ED3A9510-662C-41FF-A5E0-BDE1D29E69A7}"
EndProject
Project("{FAE04EC0-301F-11D3-BF4B-00C04F79EFBC}") = "ClnParcial2Jcf", "ClnParcial2Jcf\ClnParcial2Jcf.csproj", "{F413D345-CCE9-4695-A5FD-BB84ACCB1B62}"
EndProject
Project("{FAE04EC0-301F-11D3-BF4B-00C04F79EFBC}") = "CadParcial2Jcf", "CadParcial2Jcf\CadParcial2Jcf.csproj", "{226C949D-6831-4E0E-835B-A6D8A942BC50}"
EndProject
Global
	GlobalSection(SolutionConfigurationPlatforms) = preSolution
		Debug|Any CPU = Debug|Any CPU
		Release|Any CPU = Release|Any CPU
	EndGlobalSection
	GlobalSection(ProjectConfigurationPlatforms) = postSolution
		{ED3A9510-662C-41FF-A5E0-BDE1D29E69A7}.Debug|Any CPU.ActiveCfg = Debug|Any CPU
		{ED3A9510-662C-41FF-A5E0-BDE1D29E69A7}.Debug|Any CPU.Build.0 = Debug|Any CPU
		{ED3A9510-662C-41FF-A5E0-BDE1D29E69A7}.Release|Any CPU.ActiveCfg = Release|Any CPU
		{ED3A9510-662C-41FF-A5E0-BDE1D29E69A7}.Release|Any CPU.Build.0 = Release|Any CPU
		{F413D345-CCE9-4695-A5FD-BB84ACCB1B62}.Debug|Any CPU.ActiveCfg = Debug|Any CPU
		{F413D345-CCE9-4695-A5FD-BB84ACCB1B62}.Debug|Any CPU.Build.0 = Debug|Any CPU
		{F413D345-CCE9-4695-A5FD-BB84ACCB1B62}.Release|Any CPU.ActiveCfg = Release|Any CPU
		{F413D345-CCE9-4695-A5FD-BB84ACCB1B62}.Release|Any CPU.Build.0 = Release|Any CPU
		{226C949D-6831-4E0E-835B-A6D8A942BC50}.Debug|Any CPU.ActiveCfg = Debug|Any CPU
		{226C949D-6831-4E0E-835B-A6D8A942BC50}.Debug|Any CPU.Build.0 = Debug|Any CPU
		{226C949D-6831-4E0E-835B-A6D8A942BC50}.Release|Any CPU.ActiveCfg = Release|Any CPU
		{226C949D-6831-4E0E-835B-A6D8A942BC50}.Release|Any CPU.Build.0 = Release|Any CPU
	EndGlobalSection
	GlobalSection(SolutionProperties) = preSolution
		HideSolutionNode = FALSE
	EndGlobalSection
	GlobalSection(ExtensibilityGlobals) = postSolution
		SolutionGuid = {2F986D3E-7294-4102-8713-9F3E4D1AB8FE}
	EndGlobalSection
EndGlobal
